{
  "name": "@utatti/mitty",
  "version": "0.1.1",
  "lockfileVersion": 1,
  "requires": true,
  "dependencies": {
    "@types/node": {
      "version": "12.0.0",
      "resolved": "https://registry.npmjs.org/@types/node/-/node-12.0.0.tgz",
      "integrity": "sha512-Jrb/x3HT4PTJp6a4avhmJCDEVrPdqLfl3e8GGMbpkGGdwAV5UGlIs4vVEfsHHfylZVOKZWpOqmqFH8CbfOZ6kg=="
    },
    "esm": {
      "version": "3.2.22",
      "resolved": "https://registry.npmjs.org/esm/-/esm-3.2.22.tgz",
      "integrity": "sha512-z8YG7U44L82j1XrdEJcqZOLUnjxco8pO453gKOlaMD1/md1n/5QrscAmYG+oKUspsmDLuBFZrpbxI6aQ67yRxA=="
    },
    "prettier": {
      "version": "1.17.0",
      "resolved": "https://registry.npmjs.org/prettier/-/prettier-1.17.0.tgz",
      "integrity": "sha512-sXe5lSt2WQlCbydGETgfm1YBShgOX4HxQkFPvbxkcwgDvGDeqVau8h+12+lmSVlP3rHPz0oavfddSZg/q+Szjw==",
      "dev": true
    },
    "s-exify": {
      "version": "0.3.1",
      "resolved": "https://registry.npmjs.org/s-exify/-/s-exify-0.3.1.tgz",
      "integrity": "sha512-/LLKfs/KfUv040SgMM92iJHYu4uT5yg6GhKWza6FTlNQP3AeHxm4mHtT3L/Y8TAyNT2zz5OUfXnxikyIwUAJHg==",
      "requires": {
        "@types/node": "^12.0.0"
      }
    },
    "wabt": {
      "version": "1.0.10",
      "resolved": "https://registry.npmjs.org/wabt/-/wabt-1.0.10.tgz",
      "integrity": "sha512-UvxeSXiXLqw0NTMgGAJPm0GrToFDb062zen/QEOs55lVLLj7vi+ZRC90u6/1LSbyLGFKJndAGYF4hVkIeFFmtw=="
    }
  }
}
